Microsoft Visual Studio Solution File, Format Version 12.00
# Visual Studio Version 17
VisualStudioVersion = 17.10.34928.147
MinimumVisualStudioVersion = 10.0.40219.1
Project("{9A19103F-16F7-4668-BE54-9A1E7A4F7556}") = "Equipment", "Equipment.csproj", "{DCDC343C-08D8-4C03-AE2E-A7BD67174670}"
EndProject
Global
	GlobalSection(SolutionConfigurationPlatforms) = preSolution
		Debug|x64 = Debug|x64
		Debug|x86 = Debug|x86
		Release|x64 = Release|x64
		Release|x86 = Release|x86
	EndGlobalSection
	GlobalSection(ProjectConfigurationPlatforms) = postSolution
		{DCDC343C-08D8-4C03-AE2E-A7BD67174670}.Debug|x64.ActiveCfg = Debug|Any CPU
		{DCDC343C-08D8-4C03-AE2E-A7BD67174670}.Debug|x64.Build.0 = Debug|Any CPU
		{DCDC343C-08D8-4C03-AE2E-A7BD67174670}.Debug|x86.ActiveCfg = Debug|x86
		{DCDC343C-08D8-4C03-AE2E-A7BD67174670}.Debug|x86.Build.0 = Debug|x86
		{DCDC343C-08D8-4C03-AE2E-A7BD67174670}.Release|x64.ActiveCfg = Release|x64
		{DCDC343C-08D8-4C03-AE2E-A7BD67174670}.Release|x64.Build.0 = Release|x64
		{DCDC343C-08D8-4C03-AE2E-A7BD67174670}.Release|x86.ActiveCfg = Release|x86
		{DCDC343C-08D8-4C03-AE2E-A7BD67174670}.Release|x86.Build.0 = Release|x86
	EndGlobalSection
	GlobalSection(SolutionProperties) = preSolution
		HideSolutionNode = FALSE
	EndGlobalSection
	GlobalSection(ExtensibilityGlobals) = postSolution
		SolutionGuid = {713F9D48-A8D1-4A84-A199-AC604A053E14}
	EndGlobalSection
EndGlobal
